<?xml version="1.0" encoding="utf-8"?>
<Project ToolsVersion="4.0" xmlns="http://schemas.microsoft.com/developer/msbuild/2003">
  <ItemGroup>
    <Filter Include="Source Files">
      <UniqueIdentifier>{4FC737F1-C7A5-4376-A066-2A32D752A2FF}</UniqueIdentifier>
      <Extensions>cpp;c;cc;cxx;def;odl;idl;hpj;bat;asm;asmx</Extensions>
    </Filter>
    <Filter Include="Header Files">
      <UniqueIdentifier>{93995380-89BD-4b04-88EB-625FBE52EBFB}</UniqueIdentifier>
      <Extensions>h;hh;hpp;hxx;hm;inl;inc;xsd</Extensions>
    </Filter>
    <Filter Include="Resource Files">
      <UniqueIdentifier>{67DA6AB6-F800-4c08-8B7A-83BB121AAD01}</UniqueIdentifier>
      <Extensions>rc;ico;cur;bmp;dlg;rc2;rct;bin;rgs;gif;jpg;jpeg;jpe;resx;tiff;tif;png;wav;mfcribbon-ms</Extensions>
    </Filter>
  </ItemGroup>
  <ItemGroup>
    <ClCompile Include="TelaPrincipal.cpp">
      <Filter>Source Files</Filter>
    </ClCompile>
    <ClCompile Include="Controle.cpp">
      <Filter>Source Files</Filter>
    </ClCompile>
    <ClCompile Include="Principal.cpp">
      <Filter>Source Files</Filter>
    </ClCompile>
    <ClCompile Include="TelaTeoria.cpp">
      <Filter>Source Files</Filter>
    </ClCompile>
    <ClCompile Include="ControlePerguntas.cpp">
      <Filter>Source Files</Filter>
    </ClCompile>
    <ClCompile Include="Pergunta.cpp">
      <Filter>Source Files</Filter>
    </ClCompile>
    <ClCompile Include="Jogador.cpp">
      <Filter>Source Files</Filter>
    </ClCompile>
    <ClCompile Include="TelaPontuacao.cpp">
      <Filter>Source Files</Filter>
    </ClCompile>
    <ClCompile Include="TelaRanking.cpp">
      <Filter>Source Files</Filter>
    </ClCompile>
    <ClCompile Include="TelaAFD.cpp">
      <Filter>Source Files</Filter>
    </ClCompile>
    <ClCompile Include="TelaSobre.cpp">
      <Filter>Source Files</Filter>
    </ClCompile>
    <ClCompile Include="ManipuladorDeJogadores.cpp">
      <Filter>Source Files</Filter>
    </ClCompile>
    <ClCompile Include="TelaPergunta.cpp">
      <Filter>Source Files</Filter>
    </ClCompile>
    <ClCompile Include="GerenciadorDeArquivo.cpp">
      <Filter>Source Files</Filter>
    </ClCompile>
  </ItemGroup>
  <ItemGroup>
    <ClInclude Include="TelaPrincipal.h">
      <Filter>Header Files</Filter>
    </ClInclude>
    <ClInclude Include="Controle.h">
      <Filter>Header Files</Filter>
    </ClInclude>
    <ClInclude Include="resource1.h">
      <Filter>Header Files</Filter>
    </ClInclude>
    <ClInclude Include="TelaTeoria.h">
      <Filter>Header Files</Filter>
    </ClInclude>
    <ClInclude Include="ControlePerguntas.h">
      <Filter>Header Files</Filter>
    </ClInclude>
    <ClInclude Include="Pergunta.h">
      <Filter>Header Files</Filter>
    </ClInclude>
    <ClInclude Include="Jogador.h">
      <Filter>Header Files</Filter>
    </ClInclude>
    <ClInclude Include="TelaPontuacao.h">
      <Filter>Header Files</Filter>
    </ClInclude>
    <ClInclude Include="TelaRanking.h">
      <Filter>Header Files</Filter>
    </ClInclude>
    <ClInclude Include="TelaAFD.h">
      <Filter>Header Files</Filter>
    </ClInclude>
    <ClInclude Include="TelaSobre.h">
      <Filter>Header Files</Filter>
    </ClInclude>
    <ClInclude Include="ManipuladorDeJogadores.h">
      <Filter>Header Files</Filter>
    </ClInclude>
    <ClInclude Include="TelaPergunta.h">
      <Filter>Header Files</Filter>
    </ClInclude>
    <ClInclude Include="resource.h">
      <Filter>Header Files</Filter>
    </ClInclude>
    <ClInclude Include="GerenciadorDeArquivo.h">
      <Filter>Header Files</Filter>
    </ClInclude>
  </ItemGroup>
  <ItemGroup>
    <EmbeddedResource Include="TelaPrincipal.resx">
      <Filter>Resource Files</Filter>
    </EmbeddedResource>
    <EmbeddedResource Include="TelaTeoria.resx">
      <Filter>Resource Files</Filter>
    </EmbeddedResource>
    <EmbeddedResource Include="TelaPontuacao.resx">
      <Filter>Resource Files</Filter>
    </EmbeddedResource>
    <EmbeddedResource Include="TelaRanking.resx">
      <Filter>Resource Files</Filter>
    </EmbeddedResource>
    <EmbeddedResource Include="TelaAFD.resx">
      <Filter>Resource Files</Filter>
    </EmbeddedResource>
    <EmbeddedResource Include="TelaSobre.resx">
      <Filter>Resource Files</Filter>
    </EmbeddedResource>
    <EmbeddedResource Include="TelaPergunta.resx">
      <Filter>Resource Files</Filter>
    </EmbeddedResource>
  </ItemGroup>
  <ItemGroup>
    <ResourceCompile Include="Learn AutomatonV11.rc">
      <Filter>Resource Files</Filter>
    </ResourceCompile>
  </ItemGroup>
</Project>